
Microsoft Visual Studio Solution File, Format Version 12.00
# Visual Studio Version 17
VisualStudioVersion = 17.14.36511.14 d17.14
MinimumVisualStudioVersion = 10.0.40219.1
Project("{8BC9CEB8-8B4A-11D0-8D11-00A0C91BC942}") = "serial_tool", "serial_tool\serial_tool.vcxproj", "{D440BDDF-7CAD-419B-9E7B-BC3A6D7B5375}"
EndProject
Global
	GlobalSection(SolutionConfigurationPlatforms) = preSolution
		Debug|x64 = Debug|x64
		Debug|x86 = Debug|x86
		Release|x64 = Release|x64
		Release|x86 = Release|x86
	EndGlobalSection
	GlobalSection(ProjectConfigurationPlatforms) = postSolution
		{D440BDDF-7CAD-419B-9E7B-BC3A6D7B5375}.Debug|x64.ActiveCfg = Debug|x64
		{D440BDDF-7CAD-419B-9E7B-BC3A6D7B5375}.Debug|x64.Build.0 = Debug|x64
		{D440BDDF-7CAD-419B-9E7B-BC3A6D7B5375}.Debug|x86.ActiveCfg = Debug|Win32
		{D440BDDF-7CAD-419B-9E7B-BC3A6D7B5375}.Debug|x86.Build.0 = Debug|Win32
		{D440BDDF-7CAD-419B-9E7B-BC3A6D7B5375}.Release|x64.ActiveCfg = Release|x64
		{D440BDDF-7CAD-419B-9E7B-BC3A6D7B5375}.Release|x64.Build.0 = Release|x64
		{D440BDDF-7CAD-419B-9E7B-BC3A6D7B5375}.Release|x86.ActiveCfg = Release|Win32
		{D440BDDF-7CAD-419B-9E7B-BC3A6D7B5375}.Release|x86.Build.0 = Release|Win32
	EndGlobalSection
	GlobalSection(SolutionProperties) = preSolution
		HideSolutionNode = FALSE
	EndGlobalSection
	GlobalSection(ExtensibilityGlobals) = postSolution
		SolutionGuid = {9E842E24-47AC-4C61-9185-155296F5B5BC}
	EndGlobalSection
EndGlobal
